// !$*UTF8*$!
{
	archiveVersion = 1;
	classes = {
	};
	objectVersion = 46;
	objects = {

/* Begin PBXFileReference section */
		205607691DCA3D34006A02A2 /* JuegoMemoria.playground */ = {isa = PBXFileReference; lastKnownFileType = file.playground; path = JuegoMemoria.playground; sourceTree = "<group>"; };
/* End PBXFileReference section */

/* Begin PBXGroup section */
		205607621DCA3D19006A02A2 = {
			isa = PBXGroup;
			children = (
				205607691DCA3D34006A02A2 /* JuegoMemoria.playground */,
			);
			sourceTree = "<group>";
		};
/* End PBXGroup section */

/* Begin PBXProject section */
		205607631DCA3D19006A02A2 /* Project object */ = {
			isa = PBXProject;
			attributes = {
				LastUpgradeCheck = 0810;
			};
			buildConfigurationList = 205607661DCA3D19006A02A2 /* Build configuration list for PBXProject "JuegoMemoriaAlmudena" */;
			compatibilityVersion = "Xcode 3.2";
			developmentRegion = English;
			hasScannedForEncodings = 0;
			knownRegions = (
				en,
			);
			mainGroup = 205607621DCA3D19006A02A2;
			projectDirPath = "";
			projectRoot = "";
			targets = (
			);
		};
/* End PBXProject section */

/* Begin XCBuildConfiguration section */
		205607671DCA3D19006A02A2 /* Debug */ = {
			isa = XCBuildConfiguration;
			buildSettings = {
			};
			name = Debug;
		};
		205607681DCA3D19006A02A2 /* Release */ = {
			isa = XCBuildConfiguration;
			buildSettings = {
			};
			name = Release;
		};
/* End XCBuildConfiguration section */

/* Begin XCConfigurationList section */
		205607661DCA3D19006A02A2 /* Build configuration list for PBXProject "JuegoMemoriaAlmudena" */ = {
			isa = XCConfigurationList;
			buildConfigurations = (
				205607671DCA3D19006A02A2 /* Debug */,
				205607681DCA3D19006A02A2 /* Release */,
			);
			defaultConfigurationIsVisible = 0;
			defaultConfigurationName = Release;
		};
/* End XCConfigurationList section */
	};
	rootObject = 205607631DCA3D19006A02A2 /* Project object */;
}
